// !$*UTF8*$!
{
	archiveVersion = 1;
	classes = {
	};
	objectVersion = 50;
	objects = {

/* Begin PBXBuildFile section */
		4E1AF178235E9DC600C55D9A /* AppDelegate.swift in Sources */ = {isa = PBXBuildFile; fileRef = 4E1AF177235E9DC600C55D9A /* AppDelegate.swift */; };
		4E1AF17A235E9DC600C55D9A /* SceneDelegate.swift in Sources */ = {isa = PBXBuildFile; fileRef = 4E1AF179235E9DC600C55D9A /* SceneDelegate.swift */; };
		4E1AF17C235E9DC600C55D9A /* ViewController.swift in Sources */ = {isa = PBXBuildFile; fileRef = 4E1AF17B235E9DC600C55D9A /* ViewController.swift */; };
		4E1AF17F235E9DC600C55D9A /* Main.storyboard in Resources */ = {isa = PBXBuildFile; fileRef = 4E1AF17D235E9DC600C55D9A /* Main.storyboard */; };
		4E1AF181235E9DC700C55D9A /* Assets.xcassets in Resources */ = {isa = PBXBuildFile; fileRef = 4E1AF180235E9DC700C55D9A /* Assets.xcassets */; };
		4E1AF184235E9DC700C55D9A /* LaunchScreen.storyboard in Resources */ = {isa = PBXBuildFile; fileRef = 4E1AF182235E9DC700C55D9A /* LaunchScreen.storyboard */; };
		4E1AF18F235E9DC700C55D9A /* _9_____Tests.swift in Sources */ = {isa = PBXBuildFile; fileRef = 4E1AF18E235E9DC700C55D9A /* _9_____Tests.swift */; };
		4E1AF19A235E9DC700C55D9A /* _9_____UITests.swift in Sources */ = {isa = PBXBuildFile; fileRef = 4E1AF199235E9DC700C55D9A /* _9_____UITests.swift */; };
		4E1AF1A9235E9FAF00C55D9A /* EmoticaonController.swift in Sources */ = {isa = PBXBuildFile; fileRef = 4E1AF1A8235E9FAF00C55D9A /* EmoticaonController.swift */; };
		4E1AF1AE235EE41200C55D9A /* EmoticonPackage.swift in Sources */ = {isa = PBXBuildFile; fileRef = 4E1AF1AD235EE41200C55D9A /* EmoticonPackage.swift */; };
		4E1AF1B0235EE4D300C55D9A /* EmoticonManager.swift in Sources */ = {isa = PBXBuildFile; fileRef = 4E1AF1AF235EE4D300C55D9A /* EmoticonManager.swift */; };
		4E1AF1B2235EE4EB00C55D9A /* Emoticon.swift in Sources */ = {isa = PBXBuildFile; fileRef = 4E1AF1B1235EE4EB00C55D9A /* Emoticon.swift */; };
		4E1AF1B4235EFB3000C55D9A /* Emoticons.bundle in Resources */ = {isa = PBXBuildFile; fileRef = 4E1AF1B3235EFB3000C55D9A /* Emoticons.bundle */; };
		4E1AF1B6235F0E1900C55D9A /* EmoticonViewCell.swift in Sources */ = {isa = PBXBuildFile; fileRef = 4E1AF1B5235F0E1900C55D9A /* EmoticonViewCell.swift */; };
		4EC5EE2E23603BB6004EAD91 /* EmoticonAttachment.swift in Sources */ = {isa = PBXBuildFile; fileRef = 4EC5EE2D23603BB6004EAD91 /* EmoticonAttachment.swift */; };
		4EC5EE3023603E79004EAD91 /* UITextView+Extension.swift in Sources */ = {isa = PBXBuildFile; fileRef = 4EC5EE2F23603E79004EAD91 /* UITextView+Extension.swift */; };
/* End PBXBuildFile section */

/* Begin PBXContainerItemProxy section */
		4E1AF18B235E9DC700C55D9A /* PBXContainerItemProxy */ = {
			isa = PBXContainerItemProxy;
			containerPortal = 4E1AF16C235E9DC600C55D9A /* Project object */;
			proxyType = 1;
			remoteGlobalIDString = 4E1AF173235E9DC600C55D9A;
			remoteInfo = "09-表情键盘";
		};
		4E1AF196235E9DC700C55D9A /* PBXContainerItemProxy */ = {
			isa = PBXContainerItemProxy;
			containerPortal = 4E1AF16C235E9DC600C55D9A /* Project object */;
			proxyType = 1;
			remoteGlobalIDString = 4E1AF173235E9DC600C55D9A;
			remoteInfo = "09-表情键盘";
		};
/* End PBXContainerItemProxy section */

/* Begin PBXFileReference section */
		4E1AF174235E9DC600C55D9A /* 09-表情键盘.app */ = {isa = PBXFileReference; explicitFileType = wrapper.application; includeInIndex = 0; path = "09-表情键盘.app"; sourceTree = BUILT_PRODUCTS_DIR; };
		4E1AF177235E9DC600C55D9A /* AppDelegate.swift */ = {isa = PBXFileReference; lastKnownFileType = sourcecode.swift; path = AppDelegate.swift; sourceTree = "<group>"; };
		4E1AF179235E9DC600C55D9A /* SceneDelegate.swift */ = {isa = PBXFileReference; lastKnownFileType = sourcecode.swift; path = SceneDelegate.swift; sourceTree = "<group>"; };
		4E1AF17B235E9DC600C55D9A /* ViewController.swift */ = {isa = PBXFileReference; lastKnownFileType = sourcecode.swift; path = ViewController.swift; sourceTree = "<group>"; };
		4E1AF17E235E9DC600C55D9A /* Base */ = {isa = PBXFileReference; lastKnownFileType = file.storyboard; name = Base; path = Base.lproj/Main.storyboard; sourceTree = "<group>"; };
		4E1AF180235E9DC700C55D9A /* Assets.xcassets */ = {isa = PBXFileReference; lastKnownFileType = folder.assetcatalog; path = Assets.xcassets; sourceTree = "<group>"; };
		4E1AF183235E9DC700C55D9A /* Base */ = {isa = PBXFileReference; lastKnownFileType = file.storyboard; name = Base; path = Base.lproj/LaunchScreen.storyboard; sourceTree = "<group>"; };
		4E1AF185235E9DC700C55D9A /* Info.plist */ = {isa = PBXFileReference; lastKnownFileType = text.plist.xml; path = Info.plist; sourceTree = "<group>"; };
		4E1AF18A235E9DC700C55D9A /* 09-表情键盘Tests.xctest */ = {isa = PBXFileReference; explicitFileType = wrapper.cfbundle; includeInIndex = 0; path = "09-表情键盘Tests.xctest"; sourceTree = BUILT_PRODUCTS_DIR; };
		4E1AF18E235E9DC700C55D9A /* _9_____Tests.swift */ = {isa = PBXFileReference; lastKnownFileType = sourcecode.swift; path = "_9_____Tests.swift"; sourceTree = "<group>"; };
		4E1AF190235E9DC700C55D9A /* Info.plist */ = {isa = PBXFileReference; lastKnownFileType = text.plist.xml; path = Info.plist; sourceTree = "<group>"; };
		4E1AF195235E9DC700C55D9A /* 09-表情键盘UITests.xctest */ = {isa = PBXFileReference; explicitFileType = wrapper.cfbundle; includeInIndex = 0; path = "09-表情键盘UITests.xctest"; sourceTree = BUILT_PRODUCTS_DIR; };
		4E1AF199235E9DC700C55D9A /* _9_____UITests.swift */ = {isa = PBXFileReference; lastKnownFileType = sourcecode.swift; path = "_9_____UITests.swift"; sourceTree = "<group>"; };
		4E1AF19B235E9DC700C55D9A /* Info.plist */ = {isa = PBXFileReference; lastKnownFileType = text.plist.xml; path = Info.plist; sourceTree = "<group>"; };
		4E1AF1A8235E9FAF00C55D9A /* EmoticaonController.swift */ = {isa = PBXFileReference; lastKnownFileType = sourcecode.swift; path = EmoticaonController.swift; sourceTree = "<group>"; };
		4E1AF1AD235EE41200C55D9A /* EmoticonPackage.swift */ = {isa = PBXFileReference; lastKnownFileType = sourcecode.swift; path = EmoticonPackage.swift; sourceTree = "<group>"; };
		4E1AF1AF235EE4D300C55D9A /* EmoticonManager.swift */ = {isa = PBXFileReference; lastKnownFileType = sourcecode.swift; path = EmoticonManager.swift; sourceTree = "<group>"; };
		4E1AF1B1235EE4EB00C55D9A /* Emoticon.swift */ = {isa = PBXFileReference; lastKnownFileType = sourcecode.swift; path = Emoticon.swift; sourceTree = "<group>"; };
		4E1AF1B3235EFB3000C55D9A /* Emoticons.bundle */ = {isa = PBXFileReference; lastKnownFileType = "wrapper.plug-in"; path = Emoticons.bundle; sourceTree = "<group>"; };
		4E1AF1B5235F0E1900C55D9A /* EmoticonViewCell.swift */ = {isa = PBXFileReference; lastKnownFileType = sourcecode.swift; path = EmoticonViewCell.swift; sourceTree = "<group>"; };
		4EC5EE2D23603BB6004EAD91 /* EmoticonAttachment.swift */ = {isa = PBXFileReference; lastKnownFileType = sourcecode.swift; path = EmoticonAttachment.swift; sourceTree = "<group>"; };
		4EC5EE2F23603E79004EAD91 /* UITextView+Extension.swift */ = {isa = PBXFileReference; lastKnownFileType = sourcecode.swift; path = "UITextView+Extension.swift"; sourceTree = "<group>"; };
/* End PBXFileReference section */

/* Begin PBXFrameworksBuildPhase section */
		4E1AF171235E9DC600C55D9A /* Frameworks */ = {
			isa = PBXFrameworksBuildPhase;
			buildActionMask = 2147483647;
			files = (
			);
			runOnlyForDeploymentPostprocessing = 0;
		};
		4E1AF187235E9DC700C55D9A /* Frameworks */ = {
			isa = PBXFrameworksBuildPhase;
			buildActionMask = 2147483647;
			files = (
			);
			runOnlyForDeploymentPostprocessing = 0;
		};
		4E1AF192235E9DC700C55D9A /* Frameworks */ = {
			isa = PBXFrameworksBuildPhase;
			buildActionMask = 2147483647;
			files = (
			);
			runOnlyForDeploymentPostprocessing = 0;
		};
/* End PBXFrameworksBuildPhase section */

/* Begin PBXGroup section */
		4E1AF16B235E9DC600C55D9A = {
			isa = PBXGroup;
			children = (
				4E1AF176235E9DC600C55D9A /* 09-表情键盘 */,
				4E1AF18D235E9DC700C55D9A /* 09-表情键盘Tests */,
				4E1AF198235E9DC700C55D9A /* 09-表情键盘UITests */,
				4E1AF175235E9DC600C55D9A /* Products */,
			);
			sourceTree = "<group>";
		};
		4E1AF175235E9DC600C55D9A /* Products */ = {
			isa = PBXGroup;
			children = (
				4E1AF174235E9DC600C55D9A /* 09-表情键盘.app */,
				4E1AF18A235E9DC700C55D9A /* 09-表情键盘Tests.xctest */,
				4E1AF195235E9DC700C55D9A /* 09-表情键盘UITests.xctest */,
			);
			name = Products;
			sourceTree = "<group>";
		};
		4E1AF176235E9DC600C55D9A /* 09-表情键盘 */ = {
			isa = PBXGroup;
			children = (
				4E1AF1A7235E9F8000C55D9A /* Emoticon */,
				4E1AF177235E9DC600C55D9A /* AppDelegate.swift */,
				4E1AF179235E9DC600C55D9A /* SceneDelegate.swift */,
				4E1AF17B235E9DC600C55D9A /* ViewController.swift */,
				4E1AF17D235E9DC600C55D9A /* Main.storyboard */,
				4E1AF180235E9DC700C55D9A /* Assets.xcassets */,
				4E1AF182235E9DC700C55D9A /* LaunchScreen.storyboard */,
				4E1AF185235E9DC700C55D9A /* Info.plist */,
			);
			path = "09-表情键盘";
			sourceTree = "<group>";
		};
		4E1AF18D235E9DC700C55D9A /* 09-表情键盘Tests */ = {
			isa = PBXGroup;
			children = (
				4E1AF18E235E9DC700C55D9A /* _9_____Tests.swift */,
				4E1AF190235E9DC700C55D9A /* Info.plist */,
			);
			path = "09-表情键盘Tests";
			sourceTree = "<group>";
		};
		4E1AF198235E9DC700C55D9A /* 09-表情键盘UITests */ = {
			isa = PBXGroup;
			children = (
				4E1AF199235E9DC700C55D9A /* _9_____UITests.swift */,
				4E1AF19B235E9DC700C55D9A /* Info.plist */,
			);
			path = "09-表情键盘UITests";
			sourceTree = "<group>";
		};
		4E1AF1A7235E9F8000C55D9A /* Emoticon */ = {
			isa = PBXGroup;
			children = (
				4E1AF1AC235EE16D00C55D9A /* Model */,
				4E1AF1B5235F0E1900C55D9A /* EmoticonViewCell.swift */,
				4E1AF1A8235E9FAF00C55D9A /* EmoticaonController.swift */,
				4EC5EE2D23603BB6004EAD91 /* EmoticonAttachment.swift */,
				4EC5EE2F23603E79004EAD91 /* UITextView+Extension.swift */,
			);
			path = Emoticon;
			sourceTree = "<group>";
		};
		4E1AF1AC235EE16D00C55D9A /* Model */ = {
			isa = PBXGroup;
			children = (
				4E1AF1B3235EFB3000C55D9A /* Emoticons.bundle */,
				4E1AF1AF235EE4D300C55D9A /* EmoticonManager.swift */,
				4E1AF1AD235EE41200C55D9A /* EmoticonPackage.swift */,
				4E1AF1B1235EE4EB00C55D9A /* Emoticon.swift */,
			);
			path = Model;
			sourceTree = "<group>";
		};
/* End PBXGroup section */

/* Begin PBXNativeTarget section */
		4E1AF173235E9DC600C55D9A /* 09-表情键盘 */ = {
			isa = PBXNativeTarget;
			buildConfigurationList = 4E1AF19E235E9DC700C55D9A /* Build configuration list for PBXNativeTarget "09-表情键盘" */;
			buildPhases = (
				4E1AF170235E9DC600C55D9A /* Sources */,
				4E1AF171235E9DC600C55D9A /* Frameworks */,
				4E1AF172235E9DC600C55D9A /* Resources */,
			);
			buildRules = (
			);
			dependencies = (
			);
			name = "09-表情键盘";
			productName = "09-表情键盘";
			productReference = 4E1AF174235E9DC600C55D9A /* 09-表情键盘.app */;
			productType = "com.apple.product-type.application";
		};
		4E1AF189235E9DC700C55D9A /* 09-表情键盘Tests */ = {
			isa = PBXNativeTarget;
			buildConfigurationList = 4E1AF1A1235E9DC700C55D9A /* Build configuration list for PBXNativeTarget "09-表情键盘Tests" */;
			buildPhases = (
				4E1AF186235E9DC700C55D9A /* Sources */,
				4E1AF187235E9DC700C55D9A /* Frameworks */,
				4E1AF188235E9DC700C55D9A /* Resources */,
			);
			buildRules = (
			);
			dependencies = (
				4E1AF18C235E9DC700C55D9A /* PBXTargetDependency */,
			);
			name = "09-表情键盘Tests";
			productName = "09-表情键盘Tests";
			productReference = 4E1AF18A235E9DC700C55D9A /* 09-表情键盘Tests.xctest */;
			productType = "com.apple.product-type.bundle.unit-test";
		};
		4E1AF194235E9DC700C55D9A /* 09-表情键盘UITests */ = {
			isa = PBXNativeTarget;
			buildConfigurationList = 4E1AF1A4235E9DC700C55D9A /* Build configuration list for PBXNativeTarget "09-表情键盘UITests" */;
			buildPhases = (
				4E1AF191235E9DC700C55D9A /* Sources */,
				4E1AF192235E9DC700C55D9A /* Frameworks */,
				4E1AF193235E9DC700C55D9A /* Resources */,
			);
			buildRules = (
			);
			dependencies = (
				4E1AF197235E9DC700C55D9A /* PBXTargetDependency */,
			);
			name = "09-表情键盘UITests";
			productName = "09-表情键盘UITests";
			productReference = 4E1AF195235E9DC700C55D9A /* 09-表情键盘UITests.xctest */;
			productType = "com.apple.product-type.bundle.ui-testing";
		};
/* End PBXNativeTarget section */

/* Begin PBXProject section */
		4E1AF16C235E9DC600C55D9A /* Project object */ = {
			isa = PBXProject;
			attributes = {
				LastSwiftUpdateCheck = 1110;
				LastUpgradeCheck = 1110;
				ORGANIZATIONNAME = "单车";
				TargetAttributes = {
					4E1AF173235E9DC600C55D9A = {
						CreatedOnToolsVersion = 11.1;
					};
					4E1AF189235E9DC700C55D9A = {
						CreatedOnToolsVersion = 11.1;
						TestTargetID = 4E1AF173235E9DC600C55D9A;
					};
					4E1AF194235E9DC700C55D9A = {
						CreatedOnToolsVersion = 11.1;
						TestTargetID = 4E1AF173235E9DC600C55D9A;
					};
				};
			};
			buildConfigurationList = 4E1AF16F235E9DC600C55D9A /* Build configuration list for PBXProject "09-表情键盘" */;
			compatibilityVersion = "Xcode 9.3";
			developmentRegion = en;
			hasScannedForEncodings = 0;
			knownRegions = (
				en,
				Base,
			);
			mainGroup = 4E1AF16B235E9DC600C55D9A;
			productRefGroup = 4E1AF175235E9DC600C55D9A /* Products */;
			projectDirPath = "";
			projectRoot = "";
			targets = (
				4E1AF173235E9DC600C55D9A /* 09-表情键盘 */,
				4E1AF189235E9DC700C55D9A /* 09-表情键盘Tests */,
				4E1AF194235E9DC700C55D9A /* 09-表情键盘UITests */,
			);
		};
/* End PBXProject section */

/* Begin PBXResourcesBuildPhase section */
		4E1AF172235E9DC600C55D9A /* Resources */ = {
			isa = PBXResourcesBuildPhase;
			buildActionMask = 2147483647;
			files = (
				4E1AF184235E9DC700C55D9A /* LaunchScreen.storyboard in Resources */,
				4E1AF1B4235EFB3000C55D9A /* Emoticons.bundle in Resources */,
				4E1AF181235E9DC700C55D9A /* Assets.xcassets in Resources */,
				4E1AF17F235E9DC600C55D9A /* Main.storyboard in Resources */,
			);
			runOnlyForDeploymentPostprocessing = 0;
		};
		4E1AF188235E9DC700C55D9A /* Resources */ = {
			isa = PBXResourcesBuildPhase;
			buildActionMask = 2147483647;
			files = (
			);
			runOnlyForDeploymentPostprocessing = 0;
		};
		4E1AF193235E9DC700C55D9A /* Resources */ = {
			isa = PBXResourcesBuildPhase;
			buildActionMask = 2147483647;
			files = (
			);
			runOnlyForDeploymentPostprocessing = 0;
		};
/* End PBXResourcesBuildPhase section */

/* Begin PBXSourcesBuildPhase section */
		4E1AF170235E9DC600C55D9A /* Sources */ = {
			isa = PBXSourcesBuildPhase;
			buildActionMask = 2147483647;
			files = (
				4E1AF17C235E9DC600C55D9A /* ViewController.swift in Sources */,
				4E1AF178235E9DC600C55D9A /* AppDelegate.swift in Sources */,
				4E1AF1B6235F0E1900C55D9A /* EmoticonViewCell.swift in Sources */,
				4EC5EE3023603E79004EAD91 /* UITextView+Extension.swift in Sources */,
				4E1AF1AE235EE41200C55D9A /* EmoticonPackage.swift in Sources */,
				4E1AF1B0235EE4D300C55D9A /* EmoticonManager.swift in Sources */,
				4E1AF17A235E9DC600C55D9A /* SceneDelegate.swift in Sources */,
				4E1AF1A9235E9FAF00C55D9A /* EmoticaonController.swift in Sources */,
				4E1AF1B2235EE4EB00C55D9A /* Emoticon.swift in Sources */,
				4EC5EE2E23603BB6004EAD91 /* EmoticonAttachment.swift in Sources */,
			);
			runOnlyForDeploymentPostprocessing = 0;
		};
		4E1AF186235E9DC700C55D9A /* Sources */ = {
			isa = PBXSourcesBuildPhase;
			buildActionMask = 2147483647;
			files = (
				4E1AF18F235E9DC700C55D9A /* _9_____Tests.swift in Sources */,
			);
			runOnlyForDeploymentPostprocessing = 0;
		};
		4E1AF191235E9DC700C55D9A /* Sources */ = {
			isa = PBXSourcesBuildPhase;
			buildActionMask = 2147483647;
			files = (
				4E1AF19A235E9DC700C55D9A /* _9_____UITests.swift in Sources */,
			);
			runOnlyForDeploymentPostprocessing = 0;
		};
/* End PBXSourcesBuildPhase section */

/* Begin PBXTargetDependency section */
		4E1AF18C235E9DC700C55D9A /* PBXTargetDependency */ = {
			isa = PBXTargetDependency;
			target = 4E1AF173235E9DC600C55D9A /* 09-表情键盘 */;
			targetProxy = 4E1AF18B235E9DC700C55D9A /* PBXContainerItemProxy */;
		};
		4E1AF197235E9DC700C55D9A /* PBXTargetDependency */ = {
			isa = PBXTargetDependency;
			target = 4E1AF173235E9DC600C55D9A /* 09-表情键盘 */;
			targetProxy = 4E1AF196235E9DC700C55D9A /* PBXContainerItemProxy */;
		};
/* End PBXTargetDependency section */

/* Begin PBXVariantGroup section */
		4E1AF17D235E9DC600C55D9A /* Main.storyboard */ = {
			isa = PBXVariantGroup;
			children = (
				4E1AF17E235E9DC600C55D9A /* Base */,
			);
			name = Main.storyboard;
			sourceTree = "<group>";
		};
		4E1AF182235E9DC700C55D9A /* LaunchScreen.storyboard */ = {
			isa = PBXVariantGroup;
			children = (
				4E1AF183235E9DC700C55D9A /* Base */,
			);
			name = LaunchScreen.storyboard;
			sourceTree = "<group>";
		};
/* End PBXVariantGroup section */

/* Begin XCBuildConfiguration section */
		4E1AF19C235E9DC700C55D9A /* Debug */ = {
			isa = XCBuildConfiguration;
			buildSettings = {
				ALWAYS_SEARCH_USER_PATHS = NO;
				CLANG_ANALYZER_NONNULL = YES;
				CLANG_ANALYZER_NUMBER_OBJECT_CONVERSION = YES_AGGRESSIVE;
				CLANG_CXX_LANGUAGE_STANDARD = "gnu++14";
				CLANG_CXX_LIBRARY = "libc++";
				CLANG_ENABLE_MODULES = YES;
				CLANG_ENABLE_OBJC_ARC = YES;
				CLANG_ENABLE_OBJC_WEAK = YES;
				CLANG_WARN_BLOCK_CAPTURE_AUTORELEASING = YES;
				CLANG_WARN_BOOL_CONVERSION = YES;
				CLANG_WARN_COMMA = YES;
				CLANG_WARN_CONSTANT_CONVERSION = YES;
				CLANG_WARN_DEPRECATED_OBJC_IMPLEMENTATIONS = YES;
				CLANG_WARN_DIRECT_OBJC_ISA_USAGE = YES_ERROR;
				CLANG_WARN_DOCUMENTATION_COMMENTS = YES;
				CLANG_WARN_EMPTY_BODY = YES;
				CLANG_WARN_ENUM_CONVERSION = YES;
				CLANG_WARN_INFINITE_RECURSION = YES;
				CLANG_WARN_INT_CONVERSION = YES;
				CLANG_WARN_NON_LITERAL_NULL_CONVERSION = YES;
				CLANG_WARN_OBJC_IMPLICIT_RETAIN_SELF = YES;
				CLANG_WARN_OBJC_LITERAL_CONVERSION = YES;
				CLANG_WARN_OBJC_ROOT_CLASS = YES_ERROR;
				CLANG_WARN_RANGE_LOOP_ANALYSIS = YES;
				CLANG_WARN_STRICT_PROTOTYPES = YES;
				CLANG_WARN_SUSPICIOUS_MOVE = YES;
				CLANG_WARN_UNGUARDED_AVAILABILITY = YES_AGGRESSIVE;
				CLANG_WARN_UNREACHABLE_CODE = YES;
				CLANG_WARN__DUPLICATE_METHOD_MATCH = YES;
				COPY_PHASE_STRIP = NO;
				DEBUG_INFORMATION_FORMAT = dwarf;
				ENABLE_STRICT_OBJC_MSGSEND = YES;
				ENABLE_TESTABILITY = YES;
				GCC_C_LANGUAGE_STANDARD = gnu11;
				GCC_DYNAMIC_NO_PIC = NO;
				GCC_NO_COMMON_BLOCKS = YES;
				GCC_OPTIMIZATION_LEVEL = 0;
				GCC_PREPROCESSOR_DEFINITIONS = (
					"DEBUG=1",
					"$(inherited)",
				);
				GCC_WARN_64_TO_32_BIT_CONVERSION = YES;
				GCC_WARN_ABOUT_RETURN_TYPE = YES_ERROR;
				GCC_WARN_UNDECLARED_SELECTOR = YES;
				GCC_WARN_UNINITIALIZED_AUTOS = YES_AGGRESSIVE;
				GCC_WARN_UNUSED_FUNCTION = YES;
				GCC_WARN_UNUSED_VARIABLE = YES;
				IPHONEOS_DEPLOYMENT_TARGET = 13.1;
				MTL_ENABLE_DEBUG_INFO = INCLUDE_SOURCE;
				MTL_FAST_MATH = YES;
				ONLY_ACTIVE_ARCH = YES;
				SDKROOT = iphoneos;
				SWIFT_ACTIVE_COMPILATION_CONDITIONS = DEBUG;
				SWIFT_OPTIMIZATION_LEVEL = "-Onone";
			};
			name = Debug;
		};
		4E1AF19D235E9DC700C55D9A /* Release */ = {
			isa = XCBuildConfiguration;
			buildSettings = {
				ALWAYS_SEARCH_USER_PATHS = NO;
				CLANG_ANALYZER_NONNULL = YES;
				CLANG_ANALYZER_NUMBER_OBJECT_CONVERSION = YES_AGGRESSIVE;
				CLANG_CXX_LANGUAGE_STANDARD = "gnu++14";
				CLANG_CXX_LIBRARY = "libc++";
				CLANG_ENABLE_MODULES = YES;
				CLANG_ENABLE_OBJC_ARC = YES;
				CLANG_ENABLE_OBJC_WEAK = YES;
				CLANG_WARN_BLOCK_CAPTURE_AUTORELEASING = YES;
				CLANG_WARN_BOOL_CONVERSION = YES;
				CLANG_WARN_COMMA = YES;
				CLANG_WARN_CONSTANT_CONVERSION = YES;
				CLANG_WARN_DEPRECATED_OBJC_IMPLEMENTATIONS = YES;
				CLANG_WARN_DIRECT_OBJC_ISA_USAGE = YES_ERROR;
				CLANG_WARN_DOCUMENTATION_COMMENTS = YES;
				CLANG_WARN_EMPTY_BODY = YES;
				CLANG_WARN_ENUM_CONVERSION = YES;
				CLANG_WARN_INFINITE_RECURSION = YES;
				CLANG_WARN_INT_CONVERSION = YES;
				CLANG_WARN_NON_LITERAL_NULL_CONVERSION = YES;
				CLANG_WARN_OBJC_IMPLICIT_RETAIN_SELF = YES;
				CLANG_WARN_OBJC_LITERAL_CONVERSION = YES;
				CLANG_WARN_OBJC_ROOT_CLASS = YES_ERROR;
				CLANG_WARN_RANGE_LOOP_ANALYSIS = YES;
				CLANG_WARN_STRICT_PROTOTYPES = YES;
				CLANG_WARN_SUSPICIOUS_MOVE = YES;
				CLANG_WARN_UNGUARDED_AVAILABILITY = YES_AGGRESSIVE;
				CLANG_WARN_UNREACHABLE_CODE = YES;
				CLANG_WARN__DUPLICATE_METHOD_MATCH = YES;
				COPY_PHASE_STRIP = NO;
				DEBUG_INFORMATION_FORMAT = "dwarf-with-dsym";
				ENABLE_NS_ASSERTIONS = NO;
				ENABLE_STRICT_OBJC_MSGSEND = YES;
				GCC_C_LANGUAGE_STANDARD = gnu11;
				GCC_NO_COMMON_BLOCKS = YES;
				GCC_WARN_64_TO_32_BIT_CONVERSION = YES;
				GCC_WARN_ABOUT_RETURN_TYPE = YES_ERROR;
				GCC_WARN_UNDECLARED_SELECTOR = YES;
				GCC_WARN_UNINITIALIZED_AUTOS = YES_AGGRESSIVE;
				GCC_WARN_UNUSED_FUNCTION = YES;
				GCC_WARN_UNUSED_VARIABLE = YES;
				IPHONEOS_DEPLOYMENT_TARGET = 13.1;
				MTL_ENABLE_DEBUG_INFO = NO;
				MTL_FAST_MATH = YES;
				SDKROOT = iphoneos;
				SWIFT_COMPILATION_MODE = wholemodule;
				SWIFT_OPTIMIZATION_LEVEL = "-O";
				VALIDATE_PRODUCT = YES;
			};
			name = Release;
		};
		4E1AF19F235E9DC700C55D9A /* Debug */ = {
			isa = XCBuildConfiguration;
			buildSettings = {
				ASSETCATALOG_COMPILER_APPICON_NAME = AppIcon;
				CODE_SIGN_STYLE = Automatic;
				INFOPLIST_FILE = "09-表情键盘/Info.plist";
				LD_RUNPATH_SEARCH_PATHS = (
					"$(inherited)",
					"@executable_path/Frameworks",
				);
				PRODUCT_BUNDLE_IDENTIFIER = "com.danche.aaa.-9-----";
				PRODUCT_NAME = "$(TARGET_NAME)";
				SWIFT_VERSION = 5.0;
				TARGETED_DEVICE_FAMILY = "1,2";
			};
			name = Debug;
		};
		4E1AF1A0235E9DC700C55D9A /* Release */ = {
			isa = XCBuildConfiguration;
			buildSettings = {
				ASSETCATALOG_COMPILER_APPICON_NAME = AppIcon;
				CODE_SIGN_STYLE = Automatic;
				INFOPLIST_FILE = "09-表情键盘/Info.plist";
				LD_RUNPATH_SEARCH_PATHS = (
					"$(inherited)",
					"@executable_path/Frameworks",
				);
				PRODUCT_BUNDLE_IDENTIFIER = "com.danche.aaa.-9-----";
				PRODUCT_NAME = "$(TARGET_NAME)";
				SWIFT_VERSION = 5.0;
				TARGETED_DEVICE_FAMILY = "1,2";
			};
			name = Release;
		};
		4E1AF1A2235E9DC700C55D9A /* Debug */ = {
			isa = XCBuildConfiguration;
			buildSettings = {
				ALWAYS_EMBED_SWIFT_STANDARD_LIBRARIES = YES;
				BUNDLE_LOADER = "$(TEST_HOST)";
				CODE_SIGN_STYLE = Automatic;
				INFOPLIST_FILE = "09-表情键盘Tests/Info.plist";
				IPHONEOS_DEPLOYMENT_TARGET = 13.1;
				LD_RUNPATH_SEARCH_PATHS = (
					"$(inherited)",
					"@executable_path/Frameworks",
					"@loader_path/Frameworks",
				);
				PRODUCT_BUNDLE_IDENTIFIER = "com.danche.aaa.-9-----Tests";
				PRODUCT_NAME = "$(TARGET_NAME)";
				SWIFT_VERSION = 5.0;
				TARGETED_DEVICE_FAMILY = "1,2";
				TEST_HOST = "$(BUILT_PRODUCTS_DIR)/09-表情键盘.app/09-表情键盘";
			};
			name = Debug;
		};
		4E1AF1A3235E9DC700C55D9A /* Release */ = {
			isa = XCBuildConfiguration;
			buildSettings = {
				ALWAYS_EMBED_SWIFT_STANDARD_LIBRARIES = YES;
				BUNDLE_LOADER = "$(TEST_HOST)";
				CODE_SIGN_STYLE = Automatic;
				INFOPLIST_FILE = "09-表情键盘Tests/Info.plist";
				IPHONEOS_DEPLOYMENT_TARGET = 13.1;
				LD_RUNPATH_SEARCH_PATHS = (
					"$(inherited)",
					"@executable_path/Frameworks",
					"@loader_path/Frameworks",
				);
				PRODUCT_BUNDLE_IDENTIFIER = "com.danche.aaa.-9-----Tests";
				PRODUCT_NAME = "$(TARGET_NAME)";
				SWIFT_VERSION = 5.0;
				TARGETED_DEVICE_FAMILY = "1,2";
				TEST_HOST = "$(BUILT_PRODUCTS_DIR)/09-表情键盘.app/09-表情键盘";
			};
			name = Release;
		};
		4E1AF1A5235E9DC700C55D9A /* Debug */ = {
			isa = XCBuildConfiguration;
			buildSettings = {
				ALWAYS_EMBED_SWIFT_STANDARD_LIBRARIES = YES;
				CODE_SIGN_STYLE = Automatic;
				INFOPLIST_FILE = "09-表情键盘UITests/Info.plist";
				LD_RUNPATH_SEARCH_PATHS = (
					"$(inherited)",
					"@executable_path/Frameworks",
					"@loader_path/Frameworks",
				);
				PRODUCT_BUNDLE_IDENTIFIER = "com.danche.aaa.-9-----UITests";
				PRODUCT_NAME = "$(TARGET_NAME)";
				SWIFT_VERSION = 5.0;
				TARGETED_DEVICE_FAMILY = "1,2";
				TEST_TARGET_NAME = "09-表情键盘";
			};
			name = Debug;
		};
		4E1AF1A6235E9DC700C55D9A /* Release */ = {
			isa = XCBuildConfiguration;
			buildSettings = {
				ALWAYS_EMBED_SWIFT_STANDARD_LIBRARIES = YES;
				CODE_SIGN_STYLE = Automatic;
				INFOPLIST_FILE = "09-表情键盘UITests/Info.plist";
				LD_RUNPATH_SEARCH_PATHS = (
					"$(inherited)",
					"@executable_path/Frameworks",
					"@loader_path/Frameworks",
				);
				PRODUCT_BUNDLE_IDENTIFIER = "com.danche.aaa.-9-----UITests";
				PRODUCT_NAME = "$(TARGET_NAME)";
				SWIFT_VERSION = 5.0;
				TARGETED_DEVICE_FAMILY = "1,2";
				TEST_TARGET_NAME = "09-表情键盘";
			};
			name = Release;
		};
/* End XCBuildConfiguration section */

/* Begin XCConfigurationList section */
		4E1AF16F235E9DC600C55D9A /* Build configuration list for PBXProject "09-表情键盘" */ = {
			isa = XCConfigurationList;
			buildConfigurations = (
				4E1AF19C235E9DC700C55D9A /* Debug */,
				4E1AF19D235E9DC700C55D9A /* Release */,
			);
			defaultConfigurationIsVisible = 0;
			defaultConfigurationName = Release;
		};
		4E1AF19E235E9DC700C55D9A /* Build configuration list for PBXNativeTarget "09-表情键盘" */ = {
			isa = XCConfigurationList;
			buildConfigurations = (
				4E1AF19F235E9DC700C55D9A /* Debug */,
				4E1AF1A0235E9DC700C55D9A /* Release */,
			);
			defaultConfigurationIsVisible = 0;
			defaultConfigurationName = Release;
		};
		4E1AF1A1235E9DC700C55D9A /* Build configuration list for PBXNativeTarget "09-表情键盘Tests" */ = {
			isa = XCConfigurationList;
			buildConfigurations = (
				4E1AF1A2235E9DC700C55D9A /* Debug */,
				4E1AF1A3235E9DC700C55D9A /* Release */,
			);
			defaultConfigurationIsVisible = 0;
			defaultConfigurationName = Release;
		};
		4E1AF1A4235E9DC700C55D9A /* Build configuration list for PBXNativeTarget "09-表情键盘UITests" */ = {
			isa = XCConfigurationList;
			buildConfigurations = (
				4E1AF1A5235E9DC700C55D9A /* Debug */,
				4E1AF1A6235E9DC700C55D9A /* Release */,
			);
			defaultConfigurationIsVisible = 0;
			defaultConfigurationName = Release;
		};
/* End XCConfigurationList section */
	};
	rootObject = 4E1AF16C235E9DC600C55D9A /* Project object */;
}
